
Microsoft Visual Studio Solution File, Format Version 12.00
# Visual Studio Version 16
VisualStudioVersion = 16.0.29318.209
MinimumVisualStudioVersion = 10.0.40219.1
Project("{9A19103F-16F7-4668-BE54-9A1E7A4F7556}") = "CompanyEmployees", "CompanyEmployees\CompanyEmployees.csproj", "{8980D1CF-20AB-488F-A809-A297D21DAE9A}"
EndProject
Project("{9A19103F-16F7-4668-BE54-9A1E7A4F7556}") = "Contracts", "Contracts\Contracts.csproj", "{D573853A-C4FE-4F59-A6C2-5BD50D481551}"
EndProject
Project("{9A19103F-16F7-4668-BE54-9A1E7A4F7556}") = "LoggerService", "LoggerService\LoggerService.csproj", "{CAEEE4DD-EC8B-4DA5-B8A6-894B0FC799E3}"
EndProject
Project("{FAE04EC0-301F-11D3-BF4B-00C04F79EFBC}") = "Entities", "Entities\Entities.csproj", "{48986B5B-FFB7-44D7-9A7E-76BC389EA83B}"
EndProject
Project("{FAE04EC0-301F-11D3-BF4B-00C04F79EFBC}") = "Repository", "Repository\Repository.csproj", "{80FA5BD0-F17B-4F58-925D-EC359B951EB8}"
EndProject
Global
	GlobalSection(SolutionConfigurationPlatforms) = preSolution
		Debug|Any CPU = Debug|Any CPU
		Release|Any CPU = Release|Any CPU
	EndGlobalSection
	GlobalSection(ProjectConfigurationPlatforms) = postSolution
		{8980D1CF-20AB-488F-A809-A297D21DAE9A}.Debug|Any CPU.ActiveCfg = Debug|Any CPU
		{8980D1CF-20AB-488F-A809-A297D21DAE9A}.Debug|Any CPU.Build.0 = Debug|Any CPU
		{8980D1CF-20AB-488F-A809-A297D21DAE9A}.Release|Any CPU.ActiveCfg = Release|Any CPU
		{8980D1CF-20AB-488F-A809-A297D21DAE9A}.Release|Any CPU.Build.0 = Release|Any CPU
		{D573853A-C4FE-4F59-A6C2-5BD50D481551}.Debug|Any CPU.ActiveCfg = Debug|Any CPU
		{D573853A-C4FE-4F59-A6C2-5BD50D481551}.Debug|Any CPU.Build.0 = Debug|Any CPU
		{D573853A-C4FE-4F59-A6C2-5BD50D481551}.Release|Any CPU.ActiveCfg = Release|Any CPU
		{D573853A-C4FE-4F59-A6C2-5BD50D481551}.Release|Any CPU.Build.0 = Release|Any CPU
		{CAEEE4DD-EC8B-4DA5-B8A6-894B0FC799E3}.Debug|Any CPU.ActiveCfg = Debug|Any CPU
		{CAEEE4DD-EC8B-4DA5-B8A6-894B0FC799E3}.Debug|Any CPU.Build.0 = Debug|Any CPU
		{CAEEE4DD-EC8B-4DA5-B8A6-894B0FC799E3}.Release|Any CPU.ActiveCfg = Release|Any CPU
		{CAEEE4DD-EC8B-4DA5-B8A6-894B0FC799E3}.Release|Any CPU.Build.0 = Release|Any CPU
		{48986B5B-FFB7-44D7-9A7E-76BC389EA83B}.Debug|Any CPU.ActiveCfg = Debug|Any CPU
		{48986B5B-FFB7-44D7-9A7E-76BC389EA83B}.Debug|Any CPU.Build.0 = Debug|Any CPU
		{48986B5B-FFB7-44D7-9A7E-76BC389EA83B}.Release|Any CPU.ActiveCfg = Release|Any CPU
		{48986B5B-FFB7-44D7-9A7E-76BC389EA83B}.Release|Any CPU.Build.0 = Release|Any CPU
		{80FA5BD0-F17B-4F58-925D-EC359B951EB8}.Debug|Any CPU.ActiveCfg = Debug|Any CPU
		{80FA5BD0-F17B-4F58-925D-EC359B951EB8}.Debug|Any CPU.Build.0 = Debug|Any CPU
		{80FA5BD0-F17B-4F58-925D-EC359B951EB8}.Release|Any CPU.ActiveCfg = Release|Any CPU
		{80FA5BD0-F17B-4F58-925D-EC359B951EB8}.Release|Any CPU.Build.0 = Release|Any CPU
	EndGlobalSection
	GlobalSection(SolutionProperties) = preSolution
		HideSolutionNode = FALSE
	EndGlobalSection
	GlobalSection(ExtensibilityGlobals) = postSolution
		SolutionGuid = {7E2E5905-0DED-4CBE-804E-1A7A08496593}
	EndGlobalSection
EndGlobal
